
Microsoft Visual Studio Solution File, Format Version 12.00
# Visual Studio 14
VisualStudioVersion = 14.0.25420.1
MinimumVisualStudioVersion = 10.0.40219.1
Project("{FAE04EC0-301F-11D3-BF4B-00C04F79EFBC}") = "PrakticanZadatakKonkurs", "PrakticanZadatakKonkurs\PrakticanZadatakKonkurs.csproj", "{AEA3BA11-B1DA-4421-A905-7D1A9ECF085D}"
EndProject
Global
	GlobalSection(SolutionConfigurationPlatforms) = preSolution
		Debug|Any CPU = Debug|Any CPU
		Release|Any CPU = Release|Any CPU
	EndGlobalSection
	GlobalSection(ProjectConfigurationPlatforms) = postSolution
		{AEA3BA11-B1DA-4421-A905-7D1A9ECF085D}.Debug|Any CPU.ActiveCfg = Debug|Any CPU
		{AEA3BA11-B1DA-4421-A905-7D1A9ECF085D}.Debug|Any CPU.Build.0 = Debug|Any CPU
		{AEA3BA11-B1DA-4421-A905-7D1A9ECF085D}.Release|Any CPU.ActiveCfg = Release|Any CPU
		{AEA3BA11-B1DA-4421-A905-7D1A9ECF085D}.Release|Any CPU.Build.0 = Release|Any CPU
	EndGlobalSection
	GlobalSection(SolutionProperties) = preSolution
		HideSolutionNode = FALSE
	EndGlobalSection
EndGlobal
